
Microsoft Visual Studio Solution File, Format Version 12.00
# Visual Studio Version 17
VisualStudioVersion = 17.3.32922.545
MinimumVisualStudioVersion = 10.0.40219.1
Project("{FAE04EC0-301F-11D3-BF4B-00C04F79EFBC}") = "MovieBookingApp", "MovieBookingApp\MovieBookingApp.csproj", "{AC595654-AC68-498A-88FC-4728A6D8D272}"
EndProject
Global
	GlobalSection(SolutionConfigurationPlatforms) = preSolution
		Debug|Any CPU = Debug|Any CPU
		Release|Any CPU = Release|Any CPU
	EndGlobalSection
	GlobalSection(ProjectConfigurationPlatforms) = postSolution
		{AC595654-AC68-498A-88FC-4728A6D8D272}.Debug|Any CPU.ActiveCfg = Debug|Any CPU
		{AC595654-AC68-498A-88FC-4728A6D8D272}.Debug|Any CPU.Build.0 = Debug|Any CPU
		{AC595654-AC68-498A-88FC-4728A6D8D272}.Release|Any CPU.ActiveCfg = Release|Any CPU
		{AC595654-AC68-498A-88FC-4728A6D8D272}.Release|Any CPU.Build.0 = Release|Any CPU
	EndGlobalSection
	GlobalSection(SolutionProperties) = preSolution
		HideSolutionNode = FALSE
	EndGlobalSection
	GlobalSection(ExtensibilityGlobals) = postSolution
		SolutionGuid = {AD56DA72-FA11-4E86-B267-61265A094A08}
	EndGlobalSection
EndGlobal
